
Microsoft Visual Studio Solution File, Format Version 12.00
# Visual Studio 2012
Project("{FAE04EC0-301F-11D3-BF4B-00C04F79EFBC}") = "XPathFluentComposerTests", "UnitTests\XPathFluentComposerTests\XPathFluentComposerTests.csproj", "{69AE5077-A513-4069-A546-BCE48E0B0A4D}"
EndProject
Project("{2150E333-8FDC-42A3-9474-1A3956D46DE8}") = "UnitTests", "UnitTests", "{D4B88CAA-338A-4084-94E4-FC74593B0AD0}"
EndProject
Project("{FAE04EC0-301F-11D3-BF4B-00C04F79EFBC}") = "XPathFluentComposer", "XPathFluentComposer\XPathFluentComposer.csproj", "{96499CCB-B567-461C-83ED-B7717262B1C6}"
EndProject
Global
	GlobalSection(SolutionConfigurationPlatforms) = preSolution
		Debug|Any CPU = Debug|Any CPU
		Release|Any CPU = Release|Any CPU
	EndGlobalSection
	GlobalSection(ProjectConfigurationPlatforms) = postSolution
		{69AE5077-A513-4069-A546-BCE48E0B0A4D}.Debug|Any CPU.ActiveCfg = Debug|Any CPU
		{69AE5077-A513-4069-A546-BCE48E0B0A4D}.Debug|Any CPU.Build.0 = Debug|Any CPU
		{69AE5077-A513-4069-A546-BCE48E0B0A4D}.Release|Any CPU.ActiveCfg = Release|Any CPU
		{69AE5077-A513-4069-A546-BCE48E0B0A4D}.Release|Any CPU.Build.0 = Release|Any CPU
		{96499CCB-B567-461C-83ED-B7717262B1C6}.Debug|Any CPU.ActiveCfg = Debug|Any CPU
		{96499CCB-B567-461C-83ED-B7717262B1C6}.Debug|Any CPU.Build.0 = Debug|Any CPU
		{96499CCB-B567-461C-83ED-B7717262B1C6}.Release|Any CPU.ActiveCfg = Release|Any CPU
		{96499CCB-B567-461C-83ED-B7717262B1C6}.Release|Any CPU.Build.0 = Release|Any CPU
	EndGlobalSection
	GlobalSection(SolutionProperties) = preSolution
		HideSolutionNode = FALSE
	EndGlobalSection
	GlobalSection(NestedProjects) = preSolution
		{69AE5077-A513-4069-A546-BCE48E0B0A4D} = {D4B88CAA-338A-4084-94E4-FC74593B0AD0}
	EndGlobalSection
EndGlobal
